
Microsoft Visual Studio Solution File, Format Version 12.00
# Visual Studio 15
VisualStudioVersion = 15.0.28307.106
MinimumVisualStudioVersion = 10.0.40219.1
Project("{FAE04EC0-301F-11D3-BF4B-00C04F79EFBC}") = "SchoolManagementSystem", "SchoolManagementSystem\SchoolManagementSystem.csproj", "{A714EC13-39D6-48F2-92B9-FF9B650F92BE}"
EndProject
Global
	GlobalSection(SolutionConfigurationPlatforms) = preSolution
		Debug|Any CPU = Debug|Any CPU
		Release|Any CPU = Release|Any CPU
	EndGlobalSection
	GlobalSection(ProjectConfigurationPlatforms) = postSolution
		{A714EC13-39D6-48F2-92B9-FF9B650F92BE}.Debug|Any CPU.ActiveCfg = Debug|Any CPU
		{A714EC13-39D6-48F2-92B9-FF9B650F92BE}.Debug|Any CPU.Build.0 = Debug|Any CPU
		{A714EC13-39D6-48F2-92B9-FF9B650F92BE}.Release|Any CPU.ActiveCfg = Release|Any CPU
		{A714EC13-39D6-48F2-92B9-FF9B650F92BE}.Release|Any CPU.Build.0 = Release|Any CPU
	EndGlobalSection
	GlobalSection(SolutionProperties) = preSolution
		HideSolutionNode = FALSE
	EndGlobalSection
	GlobalSection(ExtensibilityGlobals) = postSolution
		SolutionGuid = {A74B0CFA-51ED-4A42-85BA-19EEC2E5676C}
	EndGlobalSection
EndGlobal
